// !$*UTF8*$!
{
	archiveVersion = 1;
	classes = {
	};
	objectVersion = 46;
	objects = {

/* Begin PBXBuildFile section */
		62F68115C3F07D583EF68937 /* Pods_projectUITests.framework in Frameworks */ = {isa = PBXBuildFile; fileRef = 7C60B72A90C3C438242276DD /* Pods_projectUITests.framework */; };
		733D189137AB4A4495885954 /* Pods_projectTests.framework in Frameworks */ = {isa = PBXBuildFile; fileRef = 18BBEB4FF7C7132F31C00C95 /* Pods_projectTests.framework */; };
		A34AAFFA1ED03C1000F07F13 /* NoteObject.swift in Sources */ = {isa = PBXBuildFile; fileRef = A34AAFF91ED03C1000F07F13 /* NoteObject.swift */; };
		A354331B1EB970DA00FC83A7 /* AppDelegate.swift in Sources */ = {isa = PBXBuildFile; fileRef = A354331A1EB970DA00FC83A7 /* AppDelegate.swift */; };
		A354331D1EB970DA00FC83A7 /* ViewController.swift in Sources */ = {isa = PBXBuildFile; fileRef = A354331C1EB970DA00FC83A7 /* ViewController.swift */; };
		A35433201EB970DA00FC83A7 /* Main.storyboard in Resources */ = {isa = PBXBuildFile; fileRef = A354331E1EB970DA00FC83A7 /* Main.storyboard */; };
		A35433221EB970DA00FC83A7 /* Assets.xcassets in Resources */ = {isa = PBXBuildFile; fileRef = A35433211EB970DA00FC83A7 /* Assets.xcassets */; };
		A35433251EB970DA00FC83A7 /* LaunchScreen.storyboard in Resources */ = {isa = PBXBuildFile; fileRef = A35433231EB970DA00FC83A7 /* LaunchScreen.storyboard */; };
		A35433301EB970DA00FC83A7 /* projectTests.swift in Sources */ = {isa = PBXBuildFile; fileRef = A354332F1EB970DA00FC83A7 /* projectTests.swift */; };
		A354333B1EB970DA00FC83A7 /* projectUITests.swift in Sources */ = {isa = PBXBuildFile; fileRef = A354333A1EB970DA00FC83A7 /* projectUITests.swift */; };
		A35433491EB971C700FC83A7 /* CanvasView.swift in Sources */ = {isa = PBXBuildFile; fileRef = A35433481EB971C700FC83A7 /* CanvasView.swift */; };
		A354334F1EBAF8BC00FC83A7 /* ColourButton.swift in Sources */ = {isa = PBXBuildFile; fileRef = A354334E1EBAF8BC00FC83A7 /* ColourButton.swift */; };
		A35433511EBDA2E900FC83A7 /* TableCellTableViewCell.swift in Sources */ = {isa = PBXBuildFile; fileRef = A35433501EBDA2E900FC83A7 /* TableCellTableViewCell.swift */; };
		A35433531EBDA3FA00FC83A7 /* NotesViewController.swift in Sources */ = {isa = PBXBuildFile; fileRef = A35433521EBDA3FA00FC83A7 /* NotesViewController.swift */; };
		A364A1AC1EC441D2006F1D63 /* ScrollCanvas.swift in Sources */ = {isa = PBXBuildFile; fileRef = A364A1AB1EC441D2006F1D63 /* ScrollCanvas.swift */; };
		D780F1C2288E652E417F5E6C /* Pods_project.framework in Frameworks */ = {isa = PBXBuildFile; fileRef = 29C44E0A34D477A4F3F14C11 /* Pods_project.framework */; };
/* End PBXBuildFile section */

/* Begin PBXContainerItemProxy section */
		A354332C1EB970DA00FC83A7 /* PBXContainerItemProxy */ = {
			isa = PBXContainerItemProxy;
			containerPortal = A354330F1EB970DA00FC83A7 /* Project object */;
			proxyType = 1;
			remoteGlobalIDString = A35433161EB970DA00FC83A7;
			remoteInfo = project;
		};
		A35433371EB970DA00FC83A7 /* PBXContainerItemProxy */ = {
			isa = PBXContainerItemProxy;
			containerPortal = A354330F1EB970DA00FC83A7 /* Project object */;
			proxyType = 1;
			remoteGlobalIDString = A35433161EB970DA00FC83A7;
			remoteInfo = project;
		};
/* End PBXContainerItemProxy section */

/* Begin PBXFileReference section */
		18BBEB4FF7C7132F31C00C95 /* Pods_projectTests.framework */ = {isa = PBXFileReference; explicitFileType = wrapper.framework; includeInIndex = 0; path = Pods_projectTests.framework; sourceTree = BUILT_PRODUCTS_DIR; };
		29C44E0A34D477A4F3F14C11 /* Pods_project.framework */ = {isa = PBXFileReference; explicitFileType = wrapper.framework; includeInIndex = 0; path = Pods_project.framework; sourceTree = BUILT_PRODUCTS_DIR; };
		74C756BF4A3068DA982100F1 /* Pods-projectTests.debug.xcconfig */ = {isa = PBXFileReference; includeInIndex = 1; lastKnownFileType = text.xcconfig; name = "Pods-projectTests.debug.xcconfig"; path = "Pods/Target Support Files/Pods-projectTests/Pods-projectTests.debug.xcconfig"; sourceTree = "<group>"; };
		7C60B72A90C3C438242276DD /* Pods_projectUITests.framework */ = {isa = PBXFileReference; explicitFileType = wrapper.framework; includeInIndex = 0; path = Pods_projectUITests.framework; sourceTree = BUILT_PRODUCTS_DIR; };
		83F2563BDCF910E0BBD468D0 /* Pods-project.debug.xcconfig */ = {isa = PBXFileReference; includeInIndex = 1; lastKnownFileType = text.xcconfig; name = "Pods-project.debug.xcconfig"; path = "Pods/Target Support Files/Pods-project/Pods-project.debug.xcconfig"; sourceTree = "<group>"; };
		8638812B5573D3BB51BB31DA /* Pods-project.release.xcconfig */ = {isa = PBXFileReference; includeInIndex = 1; lastKnownFileType = text.xcconfig; name = "Pods-project.release.xcconfig"; path = "Pods/Target Support Files/Pods-project/Pods-project.release.xcconfig"; sourceTree = "<group>"; };
		A34AAFF91ED03C1000F07F13 /* NoteObject.swift */ = {isa = PBXFileReference; fileEncoding = 4; lastKnownFileType = sourcecode.swift; path = NoteObject.swift; sourceTree = "<group>"; };
		A35433171EB970DA00FC83A7 /* project.app */ = {isa = PBXFileReference; explicitFileType = wrapper.application; includeInIndex = 0; path = project.app; sourceTree = BUILT_PRODUCTS_DIR; };
		A354331A1EB970DA00FC83A7 /* AppDelegate.swift */ = {isa = PBXFileReference; lastKnownFileType = sourcecode.swift; path = AppDelegate.swift; sourceTree = "<group>"; };
		A354331C1EB970DA00FC83A7 /* ViewController.swift */ = {isa = PBXFileReference; lastKnownFileType = sourcecode.swift; path = ViewController.swift; sourceTree = "<group>"; };
		A354331F1EB970DA00FC83A7 /* Base */ = {isa = PBXFileReference; lastKnownFileType = file.storyboard; name = Base; path = Base.lproj/Main.storyboard; sourceTree = "<group>"; };
		A35433211EB970DA00FC83A7 /* Assets.xcassets */ = {isa = PBXFileReference; lastKnownFileType = folder.assetcatalog; path = Assets.xcassets; sourceTree = "<group>"; };
		A35433241EB970DA00FC83A7 /* Base */ = {isa = PBXFileReference; lastKnownFileType = file.storyboard; name = Base; path = Base.lproj/LaunchScreen.storyboard; sourceTree = "<group>"; };
		A35433261EB970DA00FC83A7 /* Info.plist */ = {isa = PBXFileReference; lastKnownFileType = text.plist.xml; path = Info.plist; sourceTree = "<group>"; };
		A354332B1EB970DA00FC83A7 /* projectTests.xctest */ = {isa = PBXFileReference; explicitFileType = wrapper.cfbundle; includeInIndex = 0; path = projectTests.xctest; sourceTree = BUILT_PRODUCTS_DIR; };
		A354332F1EB970DA00FC83A7 /* projectTests.swift */ = {isa = PBXFileReference; lastKnownFileType = sourcecode.swift; path = projectTests.swift; sourceTree = "<group>"; };
		A35433311EB970DA00FC83A7 /* Info.plist */ = {isa = PBXFileReference; lastKnownFileType = text.plist.xml; path = Info.plist; sourceTree = "<group>"; };
		A35433361EB970DA00FC83A7 /* projectUITests.xctest */ = {isa = PBXFileReference; explicitFileType = wrapper.cfbundle; includeInIndex = 0; path = projectUITests.xctest; sourceTree = BUILT_PRODUCTS_DIR; };
		A354333A1EB970DA00FC83A7 /* projectUITests.swift */ = {isa = PBXFileReference; lastKnownFileType = sourcecode.swift; path = projectUITests.swift; sourceTree = "<group>"; };
		A354333C1EB970DA00FC83A7 /* Info.plist */ = {isa = PBXFileReference; lastKnownFileType = text.plist.xml; path = Info.plist; sourceTree = "<group>"; };
		A35433481EB971C700FC83A7 /* CanvasView.swift */ = {isa = PBXFileReference; fileEncoding = 4; lastKnownFileType = sourcecode.swift; path = CanvasView.swift; sourceTree = "<group>"; };
		A354334E1EBAF8BC00FC83A7 /* ColourButton.swift */ = {isa = PBXFileReference; fileEncoding = 4; lastKnownFileType = sourcecode.swift; path = ColourButton.swift; sourceTree = "<group>"; };
		A35433501EBDA2E900FC83A7 /* TableCellTableViewCell.swift */ = {isa = PBXFileReference; fileEncoding = 4; lastKnownFileType = sourcecode.swift; path = TableCellTableViewCell.swift; sourceTree = "<group>"; };
		A35433521EBDA3FA00FC83A7 /* NotesViewController.swift */ = {isa = PBXFileReference; fileEncoding = 4; lastKnownFileType = sourcecode.swift; path = NotesViewController.swift; sourceTree = "<group>"; };
		A364A1AB1EC441D2006F1D63 /* ScrollCanvas.swift */ = {isa = PBXFileReference; fileEncoding = 4; lastKnownFileType = sourcecode.swift; path = ScrollCanvas.swift; sourceTree = "<group>"; };
		BFB343EF68C577DEB0502A6F /* Pods-projectUITests.debug.xcconfig */ = {isa = PBXFileReference; includeInIndex = 1; lastKnownFileType = text.xcconfig; name = "Pods-projectUITests.debug.xcconfig"; path = "Pods/Target Support Files/Pods-projectUITests/Pods-projectUITests.debug.xcconfig"; sourceTree = "<group>"; };
		D7B6014097F18F08696A88BB /* Pods-projectTests.release.xcconfig */ = {isa = PBXFileReference; includeInIndex = 1; lastKnownFileType = text.xcconfig; name = "Pods-projectTests.release.xcconfig"; path = "Pods/Target Support Files/Pods-projectTests/Pods-projectTests.release.xcconfig"; sourceTree = "<group>"; };
		DAA1FFF172C5F05730860ABF /* Pods-projectUITests.release.xcconfig */ = {isa = PBXFileReference; includeInIndex = 1; lastKnownFileType = text.xcconfig; name = "Pods-projectUITests.release.xcconfig"; path = "Pods/Target Support Files/Pods-projectUITests/Pods-projectUITests.release.xcconfig"; sourceTree = "<group>"; };
/* End PBXFileReference section */

/* Begin PBXFrameworksBuildPhase section */
		A35433141EB970DA00FC83A7 /* Frameworks */ = {
			isa = PBXFrameworksBuildPhase;
			buildActionMask = 2147483647;
			files = (
				D780F1C2288E652E417F5E6C /* Pods_project.framework in Frameworks */,
			);
			runOnlyForDeploymentPostprocessing = 0;
		};
		A35433281EB970DA00FC83A7 /* Frameworks */ = {
			isa = PBXFrameworksBuildPhase;
			buildActionMask = 2147483647;
			files = (
				733D189137AB4A4495885954 /* Pods_projectTests.framework in Frameworks */,
			);
			runOnlyForDeploymentPostprocessing = 0;
		};
		A35433331EB970DA00FC83A7 /* Frameworks */ = {
			isa = PBXFrameworksBuildPhase;
			buildActionMask = 2147483647;
			files = (
				62F68115C3F07D583EF68937 /* Pods_projectUITests.framework in Frameworks */,
			);
			runOnlyForDeploymentPostprocessing = 0;
		};
/* End PBXFrameworksBuildPhase section */

/* Begin PBXGroup section */
		A354330E1EB970DA00FC83A7 = {
			isa = PBXGroup;
			children = (
				A35433191EB970DA00FC83A7 /* project */,
				A354332E1EB970DA00FC83A7 /* projectTests */,
				A35433391EB970DA00FC83A7 /* projectUITests */,
				A35433181EB970DA00FC83A7 /* Products */,
				B2EC6D89FB87DE2EF9172B8A /* Pods */,
				F512C85FD1872554057445CF /* Frameworks */,
			);
			sourceTree = "<group>";
		};
		A35433181EB970DA00FC83A7 /* Products */ = {
			isa = PBXGroup;
			children = (
				A35433171EB970DA00FC83A7 /* project.app */,
				A354332B1EB970DA00FC83A7 /* projectTests.xctest */,
				A35433361EB970DA00FC83A7 /* projectUITests.xctest */,
			);
			name = Products;
			sourceTree = "<group>";
		};
		A35433191EB970DA00FC83A7 /* project */ = {
			isa = PBXGroup;
			children = (
				A354331A1EB970DA00FC83A7 /* AppDelegate.swift */,
				A35433481EB971C700FC83A7 /* CanvasView.swift */,
				A364A1AB1EC441D2006F1D63 /* ScrollCanvas.swift */,
				A354331E1EB970DA00FC83A7 /* Main.storyboard */,
				A34AAFF91ED03C1000F07F13 /* NoteObject.swift */,
				A35433501EBDA2E900FC83A7 /* TableCellTableViewCell.swift */,
				A354331C1EB970DA00FC83A7 /* ViewController.swift */,
				A35433521EBDA3FA00FC83A7 /* NotesViewController.swift */,
				A354334E1EBAF8BC00FC83A7 /* ColourButton.swift */,
				A35433211EB970DA00FC83A7 /* Assets.xcassets */,
				A35433231EB970DA00FC83A7 /* LaunchScreen.storyboard */,
				A35433261EB970DA00FC83A7 /* Info.plist */,
			);
			path = project;
			sourceTree = "<group>";
		};
		A354332E1EB970DA00FC83A7 /* projectTests */ = {
			isa = PBXGroup;
			children = (
				A354332F1EB970DA00FC83A7 /* projectTests.swift */,
				A35433311EB970DA00FC83A7 /* Info.plist */,
			);
			path = projectTests;
			sourceTree = "<group>";
		};
		A35433391EB970DA00FC83A7 /* projectUITests */ = {
			isa = PBXGroup;
			children = (
				A354333A1EB970DA00FC83A7 /* projectUITests.swift */,
				A354333C1EB970DA00FC83A7 /* Info.plist */,
			);
			path = projectUITests;
			sourceTree = "<group>";
		};
		B2EC6D89FB87DE2EF9172B8A /* Pods */ = {
			isa = PBXGroup;
			children = (
				83F2563BDCF910E0BBD468D0 /* Pods-project.debug.xcconfig */,
				8638812B5573D3BB51BB31DA /* Pods-project.release.xcconfig */,
				74C756BF4A3068DA982100F1 /* Pods-projectTests.debug.xcconfig */,
				D7B6014097F18F08696A88BB /* Pods-projectTests.release.xcconfig */,
				BFB343EF68C577DEB0502A6F /* Pods-projectUITests.debug.xcconfig */,
				DAA1FFF172C5F05730860ABF /* Pods-projectUITests.release.xcconfig */,
			);
			name = Pods;
			sourceTree = "<group>";
		};
		F512C85FD1872554057445CF /* Frameworks */ = {
			isa = PBXGroup;
			children = (
				29C44E0A34D477A4F3F14C11 /* Pods_project.framework */,
				18BBEB4FF7C7132F31C00C95 /* Pods_projectTests.framework */,
				7C60B72A90C3C438242276DD /* Pods_projectUITests.framework */,
			);
			name = Frameworks;
			sourceTree = "<group>";
		};
/* End PBXGroup section */

/* Begin PBXNativeTarget section */
		A35433161EB970DA00FC83A7 /* project */ = {
			isa = PBXNativeTarget;
			buildConfigurationList = A354333F1EB970DA00FC83A7 /* Build configuration list for PBXNativeTarget "project" */;
			buildPhases = (
				D19C61E753C0BCFD25D1D7C7 /* [CP] Check Pods Manifest.lock */,
				A35433131EB970DA00FC83A7 /* Sources */,
				A35433141EB970DA00FC83A7 /* Frameworks */,
				A35433151EB970DA00FC83A7 /* Resources */,
				3F9D644149F73F6A32E24EA8 /* [CP] Embed Pods Frameworks */,
				DA3E876FCED9F64C4108D189 /* [CP] Copy Pods Resources */,
			);
			buildRules = (
			);
			dependencies = (
			);
			name = project;
			productName = project;
			productReference = A35433171EB970DA00FC83A7 /* project.app */;
			productType = "com.apple.product-type.application";
		};
		A354332A1EB970DA00FC83A7 /* projectTests */ = {
			isa = PBXNativeTarget;
			buildConfigurationList = A35433421EB970DA00FC83A7 /* Build configuration list for PBXNativeTarget "projectTests" */;
			buildPhases = (
				1CAFAB829B89DBF15A10D706 /* [CP] Check Pods Manifest.lock */,
				A35433271EB970DA00FC83A7 /* Sources */,
				A35433281EB970DA00FC83A7 /* Frameworks */,
				A35433291EB970DA00FC83A7 /* Resources */,
				F45FABA93BB83B5CE3E8180C /* [CP] Embed Pods Frameworks */,
				0D6C164903BEE79303C9CC83 /* [CP] Copy Pods Resources */,
			);
			buildRules = (
			);
			dependencies = (
				A354332D1EB970DA00FC83A7 /* PBXTargetDependency */,
			);
			name = projectTests;
			productName = projectTests;
			productReference = A354332B1EB970DA00FC83A7 /* projectTests.xctest */;
			productType = "com.apple.product-type.bundle.unit-test";
		};
		A35433351EB970DA00FC83A7 /* projectUITests */ = {
			isa = PBXNativeTarget;
			buildConfigurationList = A35433451EB970DA00FC83A7 /* Build configuration list for PBXNativeTarget "projectUITests" */;
			buildPhases = (
				E3C0832CCFE0060929D439E4 /* [CP] Check Pods Manifest.lock */,
				A35433321EB970DA00FC83A7 /* Sources */,
				A35433331EB970DA00FC83A7 /* Frameworks */,
				A35433341EB970DA00FC83A7 /* Resources */,
				08F8F895DE0062E3DF79C90C /* [CP] Embed Pods Frameworks */,
				77774E078F2E741E50507669 /* [CP] Copy Pods Resources */,
			);
			buildRules = (
			);
			dependencies = (
				A35433381EB970DA00FC83A7 /* PBXTargetDependency */,
			);
			name = projectUITests;
			productName = projectUITests;
			productReference = A35433361EB970DA00FC83A7 /* projectUITests.xctest */;
			productType = "com.apple.product-type.bundle.ui-testing";
		};
/* End PBXNativeTarget section */

/* Begin PBXProject section */
		A354330F1EB970DA00FC83A7 /* Project object */ = {
			isa = PBXProject;
			attributes = {
				LastSwiftUpdateCheck = 0820;
				LastUpgradeCheck = 0820;
				ORGANIZATIONNAME = nstho4;
				TargetAttributes = {
					A35433161EB970DA00FC83A7 = {
						CreatedOnToolsVersion = 8.2.1;
						DevelopmentTeam = 4DQJ59659Z;
						ProvisioningStyle = Automatic;
					};
					A354332A1EB970DA00FC83A7 = {
						CreatedOnToolsVersion = 8.2.1;
						ProvisioningStyle = Automatic;
						TestTargetID = A35433161EB970DA00FC83A7;
					};
					A35433351EB970DA00FC83A7 = {
						CreatedOnToolsVersion = 8.2.1;
						ProvisioningStyle = Automatic;
						TestTargetID = A35433161EB970DA00FC83A7;
					};
				};
			};
			buildConfigurationList = A35433121EB970DA00FC83A7 /* Build configuration list for PBXProject "project" */;
			compatibilityVersion = "Xcode 3.2";
			developmentRegion = English;
			hasScannedForEncodings = 0;
			knownRegions = (
				en,
				Base,
			);
			mainGroup = A354330E1EB970DA00FC83A7;
			productRefGroup = A35433181EB970DA00FC83A7 /* Products */;
			projectDirPath = "";
			projectRoot = "";
			targets = (
				A35433161EB970DA00FC83A7 /* project */,
				A354332A1EB970DA00FC83A7 /* projectTests */,
				A35433351EB970DA00FC83A7 /* projectUITests */,
			);
		};
/* End PBXProject section */

/* Begin PBXResourcesBuildPhase section */
		A35433151EB970DA00FC83A7 /* Resources */ = {
			isa = PBXResourcesBuildPhase;
			buildActionMask = 2147483647;
			files = (
				A35433251EB970DA00FC83A7 /* LaunchScreen.storyboard in Resources */,
				A35433221EB970DA00FC83A7 /* Assets.xcassets in Resources */,
				A35433201EB970DA00FC83A7 /* Main.storyboard in Resources */,
			);
			runOnlyForDeploymentPostprocessing = 0;
		};
		A35433291EB970DA00FC83A7 /* Resources */ = {
			isa = PBXResourcesBuildPhase;
			buildActionMask = 2147483647;
			files = (
			);
			runOnlyForDeploymentPostprocessing = 0;
		};
		A35433341EB970DA00FC83A7 /* Resources */ = {
			isa = PBXResourcesBuildPhase;
			buildActionMask = 2147483647;
			files = (
			);
			runOnlyForDeploymentPostprocessing = 0;
		};
/* End PBXResourcesBuildPhase section */

/* Begin PBXShellScriptBuildPhase section */
		08F8F895DE0062E3DF79C90C /* [CP] Embed Pods Frameworks */ = {
			isa = PBXShellScriptBuildPhase;
			buildActionMask = 2147483647;
			files = (
			);
			inputPaths = (
			);
			name = "[CP] Embed Pods Frameworks";
			outputPaths = (
			);
			runOnlyForDeploymentPostprocessing = 0;
			shellPath = /bin/sh;
			shellScript = "\"${SRCROOT}/Pods/Target Support Files/Pods-projectUITests/Pods-projectUITests-frameworks.sh\"\n";
			showEnvVarsInLog = 0;
		};
		0D6C164903BEE79303C9CC83 /* [CP] Copy Pods Resources */ = {
			isa = PBXShellScriptBuildPhase;
			buildActionMask = 2147483647;
			files = (
			);
			inputPaths = (
			);
			name = "[CP] Copy Pods Resources";
			outputPaths = (
			);
			runOnlyForDeploymentPostprocessing = 0;
			shellPath = /bin/sh;
			shellScript = "\"${SRCROOT}/Pods/Target Support Files/Pods-projectTests/Pods-projectTests-resources.sh\"\n";
			showEnvVarsInLog = 0;
		};
		1CAFAB829B89DBF15A10D706 /* [CP] Check Pods Manifest.lock */ = {
			isa = PBXShellScriptBuildPhase;
			buildActionMask = 2147483647;
			files = (
			);
			inputPaths = (
			);
			name = "[CP] Check Pods Manifest.lock";
			outputPaths = (
			);
			runOnlyForDeploymentPostprocessing = 0;
			shellPath = /bin/sh;
			shellScript = "diff \"${PODS_PODFILE_DIR_PATH}/Podfile.lock\" \"${PODS_ROOT}/Manifest.lock\" > /dev/null\nif [ $? != 0 ] ; then\n    # print error to STDERR\n    echo \"error: The sandbox is not in sync with the Podfile.lock. Run 'pod install' or update your CocoaPods installation.\" >&2\n    exit 1\nfi\n";
			showEnvVarsInLog = 0;
		};
		3F9D644149F73F6A32E24EA8 /* [CP] Embed Pods Frameworks */ = {
			isa = PBXShellScriptBuildPhase;
			buildActionMask = 2147483647;
			files = (
			);
			inputPaths = (
			);
			name = "[CP] Embed Pods Frameworks";
			outputPaths = (
			);
			runOnlyForDeploymentPostprocessing = 0;
			shellPath = /bin/sh;
			shellScript = "\"${SRCROOT}/Pods/Target Support Files/Pods-project/Pods-project-frameworks.sh\"\n";
			showEnvVarsInLog = 0;
		};
		77774E078F2E741E50507669 /* [CP] Copy Pods Resources */ = {
			isa = PBXShellScriptBuildPhase;
			buildActionMask = 2147483647;
			files = (
			);
			inputPaths = (
			);
			name = "[CP] Copy Pods Resources";
			outputPaths = (
			);
			runOnlyForDeploymentPostprocessing = 0;
			shellPath = /bin/sh;
			shellScript = "\"${SRCROOT}/Pods/Target Support Files/Pods-projectUITests/Pods-projectUITests-resources.sh\"\n";
			showEnvVarsInLog = 0;
		};
		D19C61E753C0BCFD25D1D7C7 /* [CP] Check Pods Manifest.lock */ = {
			isa = PBXShellScriptBuildPhase;
			buildActionMask = 2147483647;
			files = (
			);
			inputPaths = (
			);
			name = "[CP] Check Pods Manifest.lock";
			outputPaths = (
			);
			runOnlyForDeploymentPostprocessing = 0;
			shellPath = /bin/sh;
			shellScript = "diff \"${PODS_PODFILE_DIR_PATH}/Podfile.lock\" \"${PODS_ROOT}/Manifest.lock\" > /dev/null\nif [ $? != 0 ] ; then\n    # print error to STDERR\n    echo \"error: The sandbox is not in sync with the Podfile.lock. Run 'pod install' or update your CocoaPods installation.\" >&2\n    exit 1\nfi\n";
			showEnvVarsInLog = 0;
		};
		DA3E876FCED9F64C4108D189 /* [CP] Copy Pods Resources */ = {
			isa = PBXShellScriptBuildPhase;
			buildActionMask = 2147483647;
			files = (
			);
			inputPaths = (
			);
			name = "[CP] Copy Pods Resources";
			outputPaths = (
			);
			runOnlyForDeploymentPostprocessing = 0;
			shellPath = /bin/sh;
			shellScript = "\"${SRCROOT}/Pods/Target Support Files/Pods-project/Pods-project-resources.sh\"\n";
			showEnvVarsInLog = 0;
		};
		E3C0832CCFE0060929D439E4 /* [CP] Check Pods Manifest.lock */ = {
			isa = PBXShellScriptBuildPhase;
			buildActionMask = 2147483647;
			files = (
			);
			inputPaths = (
			);
			name = "[CP] Check Pods Manifest.lock";
			outputPaths = (
			);
			runOnlyForDeploymentPostprocessing = 0;
			shellPath = /bin/sh;
			shellScript = "diff \"${PODS_PODFILE_DIR_PATH}/Podfile.lock\" \"${PODS_ROOT}/Manifest.lock\" > /dev/null\nif [ $? != 0 ] ; then\n    # print error to STDERR\n    echo \"error: The sandbox is not in sync with the Podfile.lock. Run 'pod install' or update your CocoaPods installation.\" >&2\n    exit 1\nfi\n";
			showEnvVarsInLog = 0;
		};
		F45FABA93BB83B5CE3E8180C /* [CP] Embed Pods Frameworks */ = {
			isa = PBXShellScriptBuildPhase;
			buildActionMask = 2147483647;
			files = (
			);
			inputPaths = (
			);
			name = "[CP] Embed Pods Frameworks";
			outputPaths = (
			);
			runOnlyForDeploymentPostprocessing = 0;
			shellPath = /bin/sh;
			shellScript = "\"${SRCROOT}/Pods/Target Support Files/Pods-projectTests/Pods-projectTests-frameworks.sh\"\n";
			showEnvVarsInLog = 0;
		};
/* End PBXShellScriptBuildPhase section */

/* Begin PBXSourcesBuildPhase section */
		A35433131EB970DA00FC83A7 /* Sources */ = {
			isa = PBXSourcesBuildPhase;
			buildActionMask = 2147483647;
			files = (
				A364A1AC1EC441D2006F1D63 /* ScrollCanvas.swift in Sources */,
				A354331D1EB970DA00FC83A7 /* ViewController.swift in Sources */,
				A34AAFFA1ED03C1000F07F13 /* NoteObject.swift in Sources */,
				A354334F1EBAF8BC00FC83A7 /* ColourButton.swift in Sources */,
				A35433531EBDA3FA00FC83A7 /* NotesViewController.swift in Sources */,
				A35433511EBDA2E900FC83A7 /* TableCellTableViewCell.swift in Sources */,
				A354331B1EB970DA00FC83A7 /* AppDelegate.swift in Sources */,
				A35433491EB971C700FC83A7 /* CanvasView.swift in Sources */,
			);
			runOnlyForDeploymentPostprocessing = 0;
		};
		A35433271EB970DA00FC83A7 /* Sources */ = {
			isa = PBXSourcesBuildPhase;
			buildActionMask = 2147483647;
			files = (
				A35433301EB970DA00FC83A7 /* projectTests.swift in Sources */,
			);
			runOnlyForDeploymentPostprocessing = 0;
		};
		A35433321EB970DA00FC83A7 /* Sources */ = {
			isa = PBXSourcesBuildPhase;
			buildActionMask = 2147483647;
			files = (
				A354333B1EB970DA00FC83A7 /* projectUITests.swift in Sources */,
			);
			runOnlyForDeploymentPostprocessing = 0;
		};
/* End PBXSourcesBuildPhase section */

/* Begin PBXTargetDependency section */
		A354332D1EB970DA00FC83A7 /* PBXTargetDependency */ = {
			isa = PBXTargetDependency;
			target = A35433161EB970DA00FC83A7 /* project */;
			targetProxy = A354332C1EB970DA00FC83A7 /* PBXContainerItemProxy */;
		};
		A35433381EB970DA00FC83A7 /* PBXTargetDependency */ = {
			isa = PBXTargetDependency;
			target = A35433161EB970DA00FC83A7 /* project */;
			targetProxy = A35433371EB970DA00FC83A7 /* PBXContainerItemProxy */;
		};
/* End PBXTargetDependency section */

/* Begin PBXVariantGroup section */
		A354331E1EB970DA00FC83A7 /* Main.storyboard */ = {
			isa = PBXVariantGroup;
			children = (
				A354331F1EB970DA00FC83A7 /* Base */,
			);
			name = Main.storyboard;
			sourceTree = "<group>";
		};
		A35433231EB970DA00FC83A7 /* LaunchScreen.storyboard */ = {
			isa = PBXVariantGroup;
			children = (
				A35433241EB970DA00FC83A7 /* Base */,
			);
			name = LaunchScreen.storyboard;
			sourceTree = "<group>";
		};
/* End PBXVariantGroup section */

/* Begin XCBuildConfiguration section */
		A354333D1EB970DA00FC83A7 /* Debug */ = {
			isa = XCBuildConfiguration;
			buildSettings = {
				ALWAYS_SEARCH_USER_PATHS = NO;
				CLANG_ANALYZER_NONNULL = YES;
				CLANG_CXX_LANGUAGE_STANDARD = "gnu++0x";
				CLANG_CXX_LIBRARY = "libc++";
				CLANG_ENABLE_MODULES = YES;
				CLANG_ENABLE_OBJC_ARC = YES;
				CLANG_WARN_BOOL_CONVERSION = YES;
				CLANG_WARN_CONSTANT_CONVERSION = YES;
				CLANG_WARN_DIRECT_OBJC_ISA_USAGE = YES_ERROR;
				CLANG_WARN_DOCUMENTATION_COMMENTS = YES;
				CLANG_WARN_EMPTY_BODY = YES;
				CLANG_WARN_ENUM_CONVERSION = YES;
				CLANG_WARN_INFINITE_RECURSION = YES;
				CLANG_WARN_INT_CONVERSION = YES;
				CLANG_WARN_OBJC_ROOT_CLASS = YES_ERROR;
				CLANG_WARN_SUSPICIOUS_MOVE = YES;
				CLANG_WARN_UNREACHABLE_CODE = YES;
				CLANG_WARN__DUPLICATE_METHOD_MATCH = YES;
				"CODE_SIGN_IDENTITY[sdk=iphoneos*]" = "iPhone Developer";
				COPY_PHASE_STRIP = NO;
				DEBUG_INFORMATION_FORMAT = dwarf;
				ENABLE_STRICT_OBJC_MSGSEND = YES;
				ENABLE_TESTABILITY = YES;
				GCC_C_LANGUAGE_STANDARD = gnu99;
				GCC_DYNAMIC_NO_PIC = NO;
				GCC_NO_COMMON_BLOCKS = YES;
				GCC_OPTIMIZATION_LEVEL = 0;
				GCC_PREPROCESSOR_DEFINITIONS = (
					"DEBUG=1",
					"$(inherited)",
				);
				GCC_WARN_64_TO_32_BIT_CONVERSION = YES;
				GCC_WARN_ABOUT_RETURN_TYPE = YES_ERROR;
				GCC_WARN_UNDECLARED_SELECTOR = YES;
				GCC_WARN_UNINITIALIZED_AUTOS = YES_AGGRESSIVE;
				GCC_WARN_UNUSED_FUNCTION = YES;
				GCC_WARN_UNUSED_VARIABLE = YES;
				IPHONEOS_DEPLOYMENT_TARGET = 10.2;
				MTL_ENABLE_DEBUG_INFO = YES;
				ONLY_ACTIVE_ARCH = YES;
				SDKROOT = iphoneos;
				SWIFT_ACTIVE_COMPILATION_CONDITIONS = DEBUG;
				SWIFT_OPTIMIZATION_LEVEL = "-Onone";
				TARGETED_DEVICE_FAMILY = 2;
			};
			name = Debug;
		};
		A354333E1EB970DA00FC83A7 /* Release */ = {
			isa = XCBuildConfiguration;
			buildSettings = {
				ALWAYS_SEARCH_USER_PATHS = NO;
				CLANG_ANALYZER_NONNULL = YES;
				CLANG_CXX_LANGUAGE_STANDARD = "gnu++0x";
				CLANG_CXX_LIBRARY = "libc++";
				CLANG_ENABLE_MODULES = YES;
				CLANG_ENABLE_OBJC_ARC = YES;
				CLANG_WARN_BOOL_CONVERSION = YES;
				CLANG_WARN_CONSTANT_CONVERSION = YES;
				CLANG_WARN_DIRECT_OBJC_ISA_USAGE = YES_ERROR;
				CLANG_WARN_DOCUMENTATION_COMMENTS = YES;
				CLANG_WARN_EMPTY_BODY = YES;
				CLANG_WARN_ENUM_CONVERSION = YES;
				CLANG_WARN_INFINITE_RECURSION = YES;
				CLANG_WARN_INT_CONVERSION = YES;
				CLANG_WARN_OBJC_ROOT_CLASS = YES_ERROR;
				CLANG_WARN_SUSPICIOUS_MOVE = YES;
				CLANG_WARN_UNREACHABLE_CODE = YES;
				CLANG_WARN__DUPLICATE_METHOD_MATCH = YES;
				"CODE_SIGN_IDENTITY[sdk=iphoneos*]" = "iPhone Developer";
				COPY_PHASE_STRIP = NO;
				DEBUG_INFORMATION_FORMAT = "dwarf-with-dsym";
				ENABLE_NS_ASSERTIONS = NO;
				ENABLE_STRICT_OBJC_MSGSEND = YES;
				GCC_C_LANGUAGE_STANDARD = gnu99;
				GCC_NO_COMMON_BLOCKS = YES;
				GCC_WARN_64_TO_32_BIT_CONVERSION = YES;
				GCC_WARN_ABOUT_RETURN_TYPE = YES_ERROR;
				GCC_WARN_UNDECLARED_SELECTOR = YES;
				GCC_WARN_UNINITIALIZED_AUTOS = YES_AGGRESSIVE;
				GCC_WARN_UNUSED_FUNCTION = YES;
				GCC_WARN_UNUSED_VARIABLE = YES;
				IPHONEOS_DEPLOYMENT_TARGET = 10.2;
				MTL_ENABLE_DEBUG_INFO = NO;
				SDKROOT = iphoneos;
				SWIFT_OPTIMIZATION_LEVEL = "-Owholemodule";
				TARGETED_DEVICE_FAMILY = 2;
				VALIDATE_PRODUCT = YES;
			};
			name = Release;
		};
		A35433401EB970DA00FC83A7 /* Debug */ = {
			isa = XCBuildConfiguration;
			baseConfigurationReference = 83F2563BDCF910E0BBD468D0 /* Pods-project.debug.xcconfig */;
			buildSettings = {
				ASSETCATALOG_COMPILER_APPICON_NAME = AppIcon;
				DEVELOPMENT_TEAM = 4DQJ59659Z;
				INFOPLIST_FILE = project/Info.plist;
				LD_RUNPATH_SEARCH_PATHS = "$(inherited) @executable_path/Frameworks";
				PRODUCT_BUNDLE_IDENTIFIER = nstho4.project;
				PRODUCT_NAME = "$(TARGET_NAME)";
				SWIFT_VERSION = 3.0;
			};
			name = Debug;
		};
		A35433411EB970DA00FC83A7 /* Release */ = {
			isa = XCBuildConfiguration;
			baseConfigurationReference = 8638812B5573D3BB51BB31DA /* Pods-project.release.xcconfig */;
			buildSettings = {
				ASSETCATALOG_COMPILER_APPICON_NAME = AppIcon;
				DEVELOPMENT_TEAM = 4DQJ59659Z;
				INFOPLIST_FILE = project/Info.plist;
				LD_RUNPATH_SEARCH_PATHS = "$(inherited) @executable_path/Frameworks";
				PRODUCT_BUNDLE_IDENTIFIER = nstho4.project;
				PRODUCT_NAME = "$(TARGET_NAME)";
				SWIFT_VERSION = 3.0;
			};
			name = Release;
		};
		A35433431EB970DA00FC83A7 /* Debug */ = {
			isa = XCBuildConfiguration;
			baseConfigurationReference = 74C756BF4A3068DA982100F1 /* Pods-projectTests.debug.xcconfig */;
			buildSettings = {
				ALWAYS_EMBED_SWIFT_STANDARD_LIBRARIES = YES;
				BUNDLE_LOADER = "$(TEST_HOST)";
				INFOPLIST_FILE = projectTests/Info.plist;
				LD_RUNPATH_SEARCH_PATHS = "$(inherited) @executable_path/Frameworks @loader_path/Frameworks";
				PRODUCT_BUNDLE_IDENTIFIER = nstho4.projectTests;
				PRODUCT_NAME = "$(TARGET_NAME)";
				SWIFT_VERSION = 3.0;
				TEST_HOST = "$(BUILT_PRODUCTS_DIR)/project.app/project";
			};
			name = Debug;
		};
		A35433441EB970DA00FC83A7 /* Release */ = {
			isa = XCBuildConfiguration;
			baseConfigurationReference = D7B6014097F18F08696A88BB /* Pods-projectTests.release.xcconfig */;
			buildSettings = {
				ALWAYS_EMBED_SWIFT_STANDARD_LIBRARIES = YES;
				BUNDLE_LOADER = "$(TEST_HOST)";
				INFOPLIST_FILE = projectTests/Info.plist;
				LD_RUNPATH_SEARCH_PATHS = "$(inherited) @executable_path/Frameworks @loader_path/Frameworks";
				PRODUCT_BUNDLE_IDENTIFIER = nstho4.projectTests;
				PRODUCT_NAME = "$(TARGET_NAME)";
				SWIFT_VERSION = 3.0;
				TEST_HOST = "$(BUILT_PRODUCTS_DIR)/project.app/project";
			};
			name = Release;
		};
		A35433461EB970DA00FC83A7 /* Debug */ = {
			isa = XCBuildConfiguration;
			baseConfigurationReference = BFB343EF68C577DEB0502A6F /* Pods-projectUITests.debug.xcconfig */;
			buildSettings = {
				ALWAYS_EMBED_SWIFT_STANDARD_LIBRARIES = YES;
				INFOPLIST_FILE = projectUITests/Info.plist;
				LD_RUNPATH_SEARCH_PATHS = "$(inherited) @executable_path/Frameworks @loader_path/Frameworks";
				PRODUCT_BUNDLE_IDENTIFIER = nstho4.projectUITests;
				PRODUCT_NAME = "$(TARGET_NAME)";
				SWIFT_VERSION = 3.0;
				TEST_TARGET_NAME = project;
			};
			name = Debug;
		};
		A35433471EB970DA00FC83A7 /* Release */ = {
			isa = XCBuildConfiguration;
			baseConfigurationReference = DAA1FFF172C5F05730860ABF /* Pods-projectUITests.release.xcconfig */;
			buildSettings = {
				ALWAYS_EMBED_SWIFT_STANDARD_LIBRARIES = YES;
				INFOPLIST_FILE = projectUITests/Info.plist;
				LD_RUNPATH_SEARCH_PATHS = "$(inherited) @executable_path/Frameworks @loader_path/Frameworks";
				PRODUCT_BUNDLE_IDENTIFIER = nstho4.projectUITests;
				PRODUCT_NAME = "$(TARGET_NAME)";
				SWIFT_VERSION = 3.0;
				TEST_TARGET_NAME = project;
			};
			name = Release;
		};
/* End XCBuildConfiguration section */

/* Begin XCConfigurationList section */
		A35433121EB970DA00FC83A7 /* Build configuration list for PBXProject "project" */ = {
			isa = XCConfigurationList;
			buildConfigurations = (
				A354333D1EB970DA00FC83A7 /* Debug */,
				A354333E1EB970DA00FC83A7 /* Release */,
			);
			defaultConfigurationIsVisible = 0;
			defaultConfigurationName = Release;
		};
		A354333F1EB970DA00FC83A7 /* Build configuration list for PBXNativeTarget "project" */ = {
			isa = XCConfigurationList;
			buildConfigurations = (
				A35433401EB970DA00FC83A7 /* Debug */,
				A35433411EB970DA00FC83A7 /* Release */,
			);
			defaultConfigurationIsVisible = 0;
			defaultConfigurationName = Release;
		};
		A35433421EB970DA00FC83A7 /* Build configuration list for PBXNativeTarget "projectTests" */ = {
			isa = XCConfigurationList;
			buildConfigurations = (
				A35433431EB970DA00FC83A7 /* Debug */,
				A35433441EB970DA00FC83A7 /* Release */,
			);
			defaultConfigurationIsVisible = 0;
			defaultConfigurationName = Release;
		};
		A35433451EB970DA00FC83A7 /* Build configuration list for PBXNativeTarget "projectUITests" */ = {
			isa = XCConfigurationList;
			buildConfigurations = (
				A35433461EB970DA00FC83A7 /* Debug */,
				A35433471EB970DA00FC83A7 /* Release */,
			);
			defaultConfigurationIsVisible = 0;
			defaultConfigurationName = Release;
		};
/* End XCConfigurationList section */
	};
	rootObject = A354330F1EB970DA00FC83A7 /* Project object */;
}
